
Microsoft Visual Studio Solution File, Format Version 12.00
# Visual Studio 15
VisualStudioVersion = 15.0.27703.2047
MinimumVisualStudioVersion = 10.0.40219.1
Project("{FAE04EC0-301F-11D3-BF4B-00C04F79EFBC}") = "ExampleConnectionMQ", "ExampleConnectionMQ\ExampleConnectionMQ.csproj", "{6543748F-4D17-4A91-AAB7-30D44940C664}"
EndProject
Project("{FAE04EC0-301F-11D3-BF4B-00C04F79EFBC}") = "Engine", "Engine\Engine.csproj", "{C83F3ADB-F767-4B2A-85FC-57582868AACD}"
EndProject
Global
	GlobalSection(SolutionConfigurationPlatforms) = preSolution
		Debug|Any CPU = Debug|Any CPU
		Release|Any CPU = Release|Any CPU
	EndGlobalSection
	GlobalSection(ProjectConfigurationPlatforms) = postSolution
		{6543748F-4D17-4A91-AAB7-30D44940C664}.Debug|Any CPU.ActiveCfg = Debug|Any CPU
		{6543748F-4D17-4A91-AAB7-30D44940C664}.Debug|Any CPU.Build.0 = Debug|Any CPU
		{6543748F-4D17-4A91-AAB7-30D44940C664}.Release|Any CPU.ActiveCfg = Release|Any CPU
		{6543748F-4D17-4A91-AAB7-30D44940C664}.Release|Any CPU.Build.0 = Release|Any CPU
		{C83F3ADB-F767-4B2A-85FC-57582868AACD}.Debug|Any CPU.ActiveCfg = Debug|Any CPU
		{C83F3ADB-F767-4B2A-85FC-57582868AACD}.Debug|Any CPU.Build.0 = Debug|Any CPU
		{C83F3ADB-F767-4B2A-85FC-57582868AACD}.Release|Any CPU.ActiveCfg = Release|Any CPU
		{C83F3ADB-F767-4B2A-85FC-57582868AACD}.Release|Any CPU.Build.0 = Release|Any CPU
	EndGlobalSection
	GlobalSection(SolutionProperties) = preSolution
		HideSolutionNode = FALSE
	EndGlobalSection
	GlobalSection(ExtensibilityGlobals) = postSolution
		SolutionGuid = {30AA514E-EA22-4FD2-BD57-8F12AAB85E32}
	EndGlobalSection
EndGlobal
